
Microsoft Visual Studio Solution File, Format Version 12.00
# Visual Studio Version 17
VisualStudioVersion = 17.13.35919.96 d17.13
MinimumVisualStudioVersion = 10.0.40219.1
Project("{FAE04EC0-301F-11D3-BF4B-00C04F79EFBC}") = "Models", "E-commerce\Models.csproj", "{766CCEE3-3AB0-4502-9B1D-EEE915BFB4BF}"
EndProject
Project("{FAE04EC0-301F-11D3-BF4B-00C04F79EFBC}") = "DbContext", "DbContext\DbContext.csproj", "{AB6DA869-087A-4B31-8721-D395B8C6AD95}"
EndProject
Global
	GlobalSection(SolutionConfigurationPlatforms) = preSolution
		Debug|Any CPU = Debug|Any CPU
		Release|Any CPU = Release|Any CPU
	EndGlobalSection
	GlobalSection(ProjectConfigurationPlatforms) = postSolution
		{766CCEE3-3AB0-4502-9B1D-EEE915BFB4BF}.Debug|Any CPU.ActiveCfg = Debug|Any CPU
		{766CCEE3-3AB0-4502-9B1D-EEE915BFB4BF}.Debug|Any CPU.Build.0 = Debug|Any CPU
		{766CCEE3-3AB0-4502-9B1D-EEE915BFB4BF}.Release|Any CPU.ActiveCfg = Release|Any CPU
		{766CCEE3-3AB0-4502-9B1D-EEE915BFB4BF}.Release|Any CPU.Build.0 = Release|Any CPU
		{AB6DA869-087A-4B31-8721-D395B8C6AD95}.Debug|Any CPU.ActiveCfg = Debug|Any CPU
		{AB6DA869-087A-4B31-8721-D395B8C6AD95}.Debug|Any CPU.Build.0 = Debug|Any CPU
		{AB6DA869-087A-4B31-8721-D395B8C6AD95}.Release|Any CPU.ActiveCfg = Release|Any CPU
		{AB6DA869-087A-4B31-8721-D395B8C6AD95}.Release|Any CPU.Build.0 = Release|Any CPU
	EndGlobalSection
	GlobalSection(SolutionProperties) = preSolution
		HideSolutionNode = FALSE
	EndGlobalSection
	GlobalSection(ExtensibilityGlobals) = postSolution
		SolutionGuid = {7A9169EC-8A27-4BF5-B3CB-0BCCE3284F44}
	EndGlobalSection
EndGlobal
